
Microsoft Visual Studio Solution File, Format Version 12.00
# Visual Studio 15
VisualStudioVersion = 15.0.27428.2027
MinimumVisualStudioVersion = 10.0.40219.1
Project("{8BC9CEB8-8B4A-11D0-8D11-00A0C91BC942}") = "JNEXT", "JNEXT\JNEXT.vcxproj", "{3372B631-07DD-41E4-B0E6-9433D6B10D93}"
EndProject
Global
	GlobalSection(SolutionConfigurationPlatforms) = preSolution
		Debug|x64 = Debug|x64
		Debug|x86 = Debug|x86
		Release|x64 = Release|x64
		Release|x86 = Release|x86
	EndGlobalSection
	GlobalSection(ProjectConfigurationPlatforms) = postSolution
		{3372B631-07DD-41E4-B0E6-9433D6B10D93}.Debug|x64.ActiveCfg = Debug|x64
		{3372B631-07DD-41E4-B0E6-9433D6B10D93}.Debug|x64.Build.0 = Debug|x64
		{3372B631-07DD-41E4-B0E6-9433D6B10D93}.Debug|x86.ActiveCfg = Debug|Win32
		{3372B631-07DD-41E4-B0E6-9433D6B10D93}.Debug|x86.Build.0 = Debug|Win32
		{3372B631-07DD-41E4-B0E6-9433D6B10D93}.Release|x64.ActiveCfg = Release|x64
		{3372B631-07DD-41E4-B0E6-9433D6B10D93}.Release|x64.Build.0 = Release|x64
		{3372B631-07DD-41E4-B0E6-9433D6B10D93}.Release|x86.ActiveCfg = Release|Win32
		{3372B631-07DD-41E4-B0E6-9433D6B10D93}.Release|x86.Build.0 = Release|Win32
	EndGlobalSection
	GlobalSection(SolutionProperties) = preSolution
		HideSolutionNode = FALSE
	EndGlobalSection
	GlobalSection(ExtensibilityGlobals) = postSolution
		SolutionGuid = {C8DA303C-B3FD-451B-8817-935CDF167ABA}
	EndGlobalSection
EndGlobal
