
Microsoft Visual Studio Solution File, Format Version 12.00
# Visual Studio 15
VisualStudioVersion = 15.0.27428.2002
MinimumVisualStudioVersion = 10.0.40219.1
Project("{8BC9CEB8-8B4A-11D0-8D11-00A0C91BC942}") = "Character Matching", "Character Matching\Character Matching.vcxproj", "{E5ABA0AA-0E24-49CA-9C03-0746685E58B4}"
EndProject
Global
	GlobalSection(SolutionConfigurationPlatforms) = preSolution
		Debug|x64 = Debug|x64
		Debug|x86 = Debug|x86
		Release|x64 = Release|x64
		Release|x86 = Release|x86
	EndGlobalSection
	GlobalSection(ProjectConfigurationPlatforms) = postSolution
		{E5ABA0AA-0E24-49CA-9C03-0746685E58B4}.Debug|x64.ActiveCfg = Debug|x64
		{E5ABA0AA-0E24-49CA-9C03-0746685E58B4}.Debug|x64.Build.0 = Debug|x64
		{E5ABA0AA-0E24-49CA-9C03-0746685E58B4}.Debug|x86.ActiveCfg = Debug|Win32
		{E5ABA0AA-0E24-49CA-9C03-0746685E58B4}.Debug|x86.Build.0 = Debug|Win32
		{E5ABA0AA-0E24-49CA-9C03-0746685E58B4}.Release|x64.ActiveCfg = Release|x64
		{E5ABA0AA-0E24-49CA-9C03-0746685E58B4}.Release|x64.Build.0 = Release|x64
		{E5ABA0AA-0E24-49CA-9C03-0746685E58B4}.Release|x86.ActiveCfg = Release|Win32
		{E5ABA0AA-0E24-49CA-9C03-0746685E58B4}.Release|x86.Build.0 = Release|Win32
	EndGlobalSection
	GlobalSection(SolutionProperties) = preSolution
		HideSolutionNode = FALSE
	EndGlobalSection
	GlobalSection(ExtensibilityGlobals) = postSolution
		SolutionGuid = {252E63C8-83C4-4B44-AC34-E797BBC2E978}
	EndGlobalSection
EndGlobal
