
Microsoft Visual Studio Solution File, Format Version 12.00
# Visual Studio 15
VisualStudioVersion = 15.0.27428.2002
MinimumVisualStudioVersion = 10.0.40219.1
Project("{8BC9CEB8-8B4A-11D0-8D11-00A0C91BC942}") = "Mars", "Mars\Mars.vcxproj", "{466A7E22-134D-4903-9597-8256BFACF12B}"
EndProject
Global
	GlobalSection(SolutionConfigurationPlatforms) = preSolution
		Debug|x64 = Debug|x64
		Debug|x86 = Debug|x86
		Release|x64 = Release|x64
		Release|x86 = Release|x86
	EndGlobalSection
	GlobalSection(ProjectConfigurationPlatforms) = postSolution
		{466A7E22-134D-4903-9597-8256BFACF12B}.Debug|x64.ActiveCfg = Debug|x64
		{466A7E22-134D-4903-9597-8256BFACF12B}.Debug|x64.Build.0 = Debug|x64
		{466A7E22-134D-4903-9597-8256BFACF12B}.Debug|x86.ActiveCfg = Debug|Win32
		{466A7E22-134D-4903-9597-8256BFACF12B}.Debug|x86.Build.0 = Debug|Win32
		{466A7E22-134D-4903-9597-8256BFACF12B}.Release|x64.ActiveCfg = Release|x64
		{466A7E22-134D-4903-9597-8256BFACF12B}.Release|x64.Build.0 = Release|x64
		{466A7E22-134D-4903-9597-8256BFACF12B}.Release|x86.ActiveCfg = Release|Win32
		{466A7E22-134D-4903-9597-8256BFACF12B}.Release|x86.Build.0 = Release|Win32
	EndGlobalSection
	GlobalSection(SolutionProperties) = preSolution
		HideSolutionNode = FALSE
	EndGlobalSection
	GlobalSection(ExtensibilityGlobals) = postSolution
		SolutionGuid = {DF50F044-95DB-41B1-B0EB-92CBC533480D}
	EndGlobalSection
EndGlobal
