
Microsoft Visual Studio Solution File, Format Version 12.00
# Visual Studio 15
VisualStudioVersion = 15.0.27428.2027
MinimumVisualStudioVersion = 10.0.40219.1
Project("{8BC9CEB8-8B4A-11D0-8D11-00A0C91BC942}") = "CCC '00 J3 - Slot Machines", "CCC '00 J3 - Slot Machines\CCC '00 J3 - Slot Machines.vcxproj", "{665C7C3C-59DA-498F-9F15-06566F283006}"
EndProject
Global
	GlobalSection(SolutionConfigurationPlatforms) = preSolution
		Debug|x64 = Debug|x64
		Debug|x86 = Debug|x86
		Release|x64 = Release|x64
		Release|x86 = Release|x86
	EndGlobalSection
	GlobalSection(ProjectConfigurationPlatforms) = postSolution
		{665C7C3C-59DA-498F-9F15-06566F283006}.Debug|x64.ActiveCfg = Debug|x64
		{665C7C3C-59DA-498F-9F15-06566F283006}.Debug|x64.Build.0 = Debug|x64
		{665C7C3C-59DA-498F-9F15-06566F283006}.Debug|x86.ActiveCfg = Debug|Win32
		{665C7C3C-59DA-498F-9F15-06566F283006}.Debug|x86.Build.0 = Debug|Win32
		{665C7C3C-59DA-498F-9F15-06566F283006}.Release|x64.ActiveCfg = Release|x64
		{665C7C3C-59DA-498F-9F15-06566F283006}.Release|x64.Build.0 = Release|x64
		{665C7C3C-59DA-498F-9F15-06566F283006}.Release|x86.ActiveCfg = Release|Win32
		{665C7C3C-59DA-498F-9F15-06566F283006}.Release|x86.Build.0 = Release|Win32
	EndGlobalSection
	GlobalSection(SolutionProperties) = preSolution
		HideSolutionNode = FALSE
	EndGlobalSection
	GlobalSection(ExtensibilityGlobals) = postSolution
		SolutionGuid = {9EDE47F3-DAED-4524-88BC-5F7A327E381D}
	EndGlobalSection
EndGlobal
