
Microsoft Visual Studio Solution File, Format Version 12.00
# Visual Studio 15
VisualStudioVersion = 15.0.27428.2015
MinimumVisualStudioVersion = 10.0.40219.1
Project("{8BC9CEB8-8B4A-11D0-8D11-00A0C91BC942}") = "Queens", "Queens\Queens.vcxproj", "{4F2FE050-620B-41D4-AC11-A52AC31E1487}"
EndProject
Global
	GlobalSection(SolutionConfigurationPlatforms) = preSolution
		Debug|x64 = Debug|x64
		Debug|x86 = Debug|x86
		Release|x64 = Release|x64
		Release|x86 = Release|x86
	EndGlobalSection
	GlobalSection(ProjectConfigurationPlatforms) = postSolution
		{4F2FE050-620B-41D4-AC11-A52AC31E1487}.Debug|x64.ActiveCfg = Debug|x64
		{4F2FE050-620B-41D4-AC11-A52AC31E1487}.Debug|x64.Build.0 = Debug|x64
		{4F2FE050-620B-41D4-AC11-A52AC31E1487}.Debug|x86.ActiveCfg = Debug|Win32
		{4F2FE050-620B-41D4-AC11-A52AC31E1487}.Debug|x86.Build.0 = Debug|Win32
		{4F2FE050-620B-41D4-AC11-A52AC31E1487}.Release|x64.ActiveCfg = Release|x64
		{4F2FE050-620B-41D4-AC11-A52AC31E1487}.Release|x64.Build.0 = Release|x64
		{4F2FE050-620B-41D4-AC11-A52AC31E1487}.Release|x86.ActiveCfg = Release|Win32
		{4F2FE050-620B-41D4-AC11-A52AC31E1487}.Release|x86.Build.0 = Release|Win32
	EndGlobalSection
	GlobalSection(SolutionProperties) = preSolution
		HideSolutionNode = FALSE
	EndGlobalSection
	GlobalSection(ExtensibilityGlobals) = postSolution
		SolutionGuid = {5BB982C3-F28C-470E-A683-CE5E1EEBF81B}
	EndGlobalSection
EndGlobal
